
Microsoft Visual Studio Solution File, Format Version 12.00
# Visual Studio Version 17
VisualStudioVersion = 17.10.35122.118
MinimumVisualStudioVersion = 10.0.40219.1
Project("{FAE04EC0-301F-11D3-BF4B-00C04F79EFBC}") = "De01_21_NguyenLeAnhKhoa_HuaTrongNhan", "De01_21_NguyenLeAnhKhoa_HuaTrongNhan\De01_21_NguyenLeAnhKhoa_HuaTrongNhan.csproj", "{651DB314-3ECE-49D3-9194-BD5FB626BB01}"
EndProject
Global
	GlobalSection(SolutionConfigurationPlatforms) = preSolution
		Debug|Any CPU = Debug|Any CPU
		Release|Any CPU = Release|Any CPU
	EndGlobalSection
	GlobalSection(ProjectConfigurationPlatforms) = postSolution
		{651DB314-3ECE-49D3-9194-BD5FB626BB01}.Debug|Any CPU.ActiveCfg = Debug|Any CPU
		{651DB314-3ECE-49D3-9194-BD5FB626BB01}.Debug|Any CPU.Build.0 = Debug|Any CPU
		{651DB314-3ECE-49D3-9194-BD5FB626BB01}.Release|Any CPU.ActiveCfg = Release|Any CPU
		{651DB314-3ECE-49D3-9194-BD5FB626BB01}.Release|Any CPU.Build.0 = Release|Any CPU
	EndGlobalSection
	GlobalSection(SolutionProperties) = preSolution
		HideSolutionNode = FALSE
	EndGlobalSection
	GlobalSection(ExtensibilityGlobals) = postSolution
		SolutionGuid = {00BFAC49-3095-4953-858D-3F25DBC83981}
	EndGlobalSection
EndGlobal
